
Microsoft Visual Studio Solution File, Format Version 12.00
# Visual Studio Version 17
VisualStudioVersion = 17.3.32825.248
MinimumVisualStudioVersion = 10.0.40219.1
Project("{FAE04EC0-301F-11D3-BF4B-00C04F79EFBC}") = "Jatek_app", "Jatek_app\Jatek_app.csproj", "{5FEE5DA0-B703-4C00-83B2-DB7A8642434E}"
EndProject
Global
	GlobalSection(SolutionConfigurationPlatforms) = preSolution
		Debug|Any CPU = Debug|Any CPU
		Release|Any CPU = Release|Any CPU
	EndGlobalSection
	GlobalSection(ProjectConfigurationPlatforms) = postSolution
		{5FEE5DA0-B703-4C00-83B2-DB7A8642434E}.Debug|Any CPU.ActiveCfg = Debug|Any CPU
		{5FEE5DA0-B703-4C00-83B2-DB7A8642434E}.Debug|Any CPU.Build.0 = Debug|Any CPU
		{5FEE5DA0-B703-4C00-83B2-DB7A8642434E}.Release|Any CPU.ActiveCfg = Release|Any CPU
		{5FEE5DA0-B703-4C00-83B2-DB7A8642434E}.Release|Any CPU.Build.0 = Release|Any CPU
	EndGlobalSection
	GlobalSection(SolutionProperties) = preSolution
		HideSolutionNode = FALSE
	EndGlobalSection
	GlobalSection(ExtensibilityGlobals) = postSolution
		SolutionGuid = {6F1B3468-AD6B-4868-8AC4-1FDB2F113490}
	EndGlobalSection
EndGlobal
